// !$*UTF8*$!
{
	archiveVersion = 1;
	classes = {
	};
	objectVersion = 55;
	objects = {

/* Begin PBXBuildFile section */
		BD73BC8F283BD751007C5B7F /* Tests_iOS.swift in Sources */ = {isa = PBXBuildFile; fileRef = BD73BC8E283BD751007C5B7F /* Tests_iOS.swift */; };
		BD73BC91283BD751007C5B7F /* Tests_iOSLaunchTests.swift in Sources */ = {isa = PBXBuildFile; fileRef = BD73BC90283BD751007C5B7F /* Tests_iOSLaunchTests.swift */; };
		BD73BC9B283BD751007C5B7F /* Tests_macOS.swift in Sources */ = {isa = PBXBuildFile; fileRef = BD73BC9A283BD751007C5B7F /* Tests_macOS.swift */; };
		BD73BC9D283BD751007C5B7F /* Tests_macOSLaunchTests.swift in Sources */ = {isa = PBXBuildFile; fileRef = BD73BC9C283BD751007C5B7F /* Tests_macOSLaunchTests.swift */; };
		BD73BC9E283BD751007C5B7F /* MemorizeApp.swift in Sources */ = {isa = PBXBuildFile; fileRef = BD73BC76283BD750007C5B7F /* MemorizeApp.swift */; };
		BD73BC9F283BD751007C5B7F /* MemorizeApp.swift in Sources */ = {isa = PBXBuildFile; fileRef = BD73BC76283BD750007C5B7F /* MemorizeApp.swift */; };
		BD73BCA0283BD751007C5B7F /* ContentView.swift in Sources */ = {isa = PBXBuildFile; fileRef = BD73BC77283BD750007C5B7F /* ContentView.swift */; };
		BD73BCA1283BD751007C5B7F /* ContentView.swift in Sources */ = {isa = PBXBuildFile; fileRef = BD73BC77283BD750007C5B7F /* ContentView.swift */; };
		BD73BCA2283BD751007C5B7F /* Assets.xcassets in Resources */ = {isa = PBXBuildFile; fileRef = BD73BC78283BD751007C5B7F /* Assets.xcassets */; };
		BD73BCA3283BD751007C5B7F /* Assets.xcassets in Resources */ = {isa = PBXBuildFile; fileRef = BD73BC78283BD751007C5B7F /* Assets.xcassets */; };
		BDB9FBB8284C154B004A23A4 /* MemoryGame.swift in Sources */ = {isa = PBXBuildFile; fileRef = BDB9FBB7284C154B004A23A4 /* MemoryGame.swift */; };
		BDB9FBB9284C154B004A23A4 /* MemoryGame.swift in Sources */ = {isa = PBXBuildFile; fileRef = BDB9FBB7284C154B004A23A4 /* MemoryGame.swift */; };
		BDB9FBBB284C160D004A23A4 /* EmojiMemoryGame.swift in Sources */ = {isa = PBXBuildFile; fileRef = BDB9FBBA284C160D004A23A4 /* EmojiMemoryGame.swift */; };
		BDB9FBBC284C160D004A23A4 /* EmojiMemoryGame.swift in Sources */ = {isa = PBXBuildFile; fileRef = BDB9FBBA284C160D004A23A4 /* EmojiMemoryGame.swift */; };
/* End PBXBuildFile section */

/* Begin PBXContainerItemProxy section */
		BD73BC8B283BD751007C5B7F /* PBXContainerItemProxy */ = {
			isa = PBXContainerItemProxy;
			containerPortal = BD73BC71283BD750007C5B7F /* Project object */;
			proxyType = 1;
			remoteGlobalIDString = BD73BC7C283BD751007C5B7F;
			remoteInfo = "Memorize (iOS)";
		};
		BD73BC97283BD751007C5B7F /* PBXContainerItemProxy */ = {
			isa = PBXContainerItemProxy;
			containerPortal = BD73BC71283BD750007C5B7F /* Project object */;
			proxyType = 1;
			remoteGlobalIDString = BD73BC82283BD751007C5B7F;
			remoteInfo = "Memorize (macOS)";
		};
/* End PBXContainerItemProxy section */

/* Begin PBXFileReference section */
		BD73BC76283BD750007C5B7F /* MemorizeApp.swift */ = {isa = PBXFileReference; lastKnownFileType = sourcecode.swift; path = MemorizeApp.swift; sourceTree = "<group>"; };
		BD73BC77283BD750007C5B7F /* ContentView.swift */ = {isa = PBXFileReference; lastKnownFileType = sourcecode.swift; path = ContentView.swift; sourceTree = "<group>"; };
		BD73BC78283BD751007C5B7F /* Assets.xcassets */ = {isa = PBXFileReference; lastKnownFileType = folder.assetcatalog; path = Assets.xcassets; sourceTree = "<group>"; };
		BD73BC7D283BD751007C5B7F /* Memorize.app */ = {isa = PBXFileReference; explicitFileType = wrapper.application; includeInIndex = 0; path = Memorize.app; sourceTree = BUILT_PRODUCTS_DIR; };
		BD73BC83283BD751007C5B7F /* Memorize.app */ = {isa = PBXFileReference; explicitFileType = wrapper.application; includeInIndex = 0; path = Memorize.app; sourceTree = BUILT_PRODUCTS_DIR; };
		BD73BC85283BD751007C5B7F /* macOS.entitlements */ = {isa = PBXFileReference; lastKnownFileType = text.plist.entitlements; path = macOS.entitlements; sourceTree = "<group>"; };
		BD73BC8A283BD751007C5B7F /* Tests iOS.xctest */ = {isa = PBXFileReference; explicitFileType = wrapper.cfbundle; includeInIndex = 0; path = "Tests iOS.xctest"; sourceTree = BUILT_PRODUCTS_DIR; };
		BD73BC8E283BD751007C5B7F /* Tests_iOS.swift */ = {isa = PBXFileReference; lastKnownFileType = sourcecode.swift; path = Tests_iOS.swift; sourceTree = "<group>"; };
		BD73BC90283BD751007C5B7F /* Tests_iOSLaunchTests.swift */ = {isa = PBXFileReference; lastKnownFileType = sourcecode.swift; path = Tests_iOSLaunchTests.swift; sourceTree = "<group>"; };
		BD73BC96283BD751007C5B7F /* Tests macOS.xctest */ = {isa = PBXFileReference; explicitFileType = wrapper.cfbundle; includeInIndex = 0; path = "Tests macOS.xctest"; sourceTree = BUILT_PRODUCTS_DIR; };
		BD73BC9A283BD751007C5B7F /* Tests_macOS.swift */ = {isa = PBXFileReference; lastKnownFileType = sourcecode.swift; path = Tests_macOS.swift; sourceTree = "<group>"; };
		BD73BC9C283BD751007C5B7F /* Tests_macOSLaunchTests.swift */ = {isa = PBXFileReference; lastKnownFileType = sourcecode.swift; path = Tests_macOSLaunchTests.swift; sourceTree = "<group>"; };
		BDB9FBB7284C154B004A23A4 /* MemoryGame.swift */ = {isa = PBXFileReference; lastKnownFileType = sourcecode.swift; path = MemoryGame.swift; sourceTree = "<group>"; };
		BDB9FBBA284C160D004A23A4 /* EmojiMemoryGame.swift */ = {isa = PBXFileReference; lastKnownFileType = sourcecode.swift; path = EmojiMemoryGame.swift; sourceTree = "<group>"; };
/* End PBXFileReference section */

/* Begin PBXFrameworksBuildPhase section */
		BD73BC7A283BD751007C5B7F /* Frameworks */ = {
			isa = PBXFrameworksBuildPhase;
			buildActionMask = 2147483647;
			files = (
			);
			runOnlyForDeploymentPostprocessing = 0;
		};
		BD73BC80283BD751007C5B7F /* Frameworks */ = {
			isa = PBXFrameworksBuildPhase;
			buildActionMask = 2147483647;
			files = (
			);
			runOnlyForDeploymentPostprocessing = 0;
		};
		BD73BC87283BD751007C5B7F /* Frameworks */ = {
			isa = PBXFrameworksBuildPhase;
			buildActionMask = 2147483647;
			files = (
			);
			runOnlyForDeploymentPostprocessing = 0;
		};
		BD73BC93283BD751007C5B7F /* Frameworks */ = {
			isa = PBXFrameworksBuildPhase;
			buildActionMask = 2147483647;
			files = (
			);
			runOnlyForDeploymentPostprocessing = 0;
		};
/* End PBXFrameworksBuildPhase section */

/* Begin PBXGroup section */
		BD73BC70283BD750007C5B7F = {
			isa = PBXGroup;
			children = (
				BD73BC75283BD750007C5B7F /* Shared */,
				BD73BC84283BD751007C5B7F /* macOS */,
				BD73BC8D283BD751007C5B7F /* Tests iOS */,
				BD73BC99283BD751007C5B7F /* Tests macOS */,
				BD73BC7E283BD751007C5B7F /* Products */,
			);
			sourceTree = "<group>";
		};
		BD73BC75283BD750007C5B7F /* Shared */ = {
			isa = PBXGroup;
			children = (
				BD73BC76283BD750007C5B7F /* MemorizeApp.swift */,
				BD73BC77283BD750007C5B7F /* ContentView.swift */,
				BD73BC78283BD751007C5B7F /* Assets.xcassets */,
				BDB9FBB7284C154B004A23A4 /* MemoryGame.swift */,
				BDB9FBBA284C160D004A23A4 /* EmojiMemoryGame.swift */,
			);
			path = Shared;
			sourceTree = "<group>";
		};
		BD73BC7E283BD751007C5B7F /* Products */ = {
			isa = PBXGroup;
			children = (
				BD73BC7D283BD751007C5B7F /* Memorize.app */,
				BD73BC83283BD751007C5B7F /* Memorize.app */,
				BD73BC8A283BD751007C5B7F /* Tests iOS.xctest */,
				BD73BC96283BD751007C5B7F /* Tests macOS.xctest */,
			);
			name = Products;
			sourceTree = "<group>";
		};
		BD73BC84283BD751007C5B7F /* macOS */ = {
			isa = PBXGroup;
			children = (
				BD73BC85283BD751007C5B7F /* macOS.entitlements */,
			);
			path = macOS;
			sourceTree = "<group>";
		};
		BD73BC8D283BD751007C5B7F /* Tests iOS */ = {
			isa = PBXGroup;
			children = (
				BD73BC8E283BD751007C5B7F /* Tests_iOS.swift */,
				BD73BC90283BD751007C5B7F /* Tests_iOSLaunchTests.swift */,
			);
			path = "Tests iOS";
			sourceTree = "<group>";
		};
		BD73BC99283BD751007C5B7F /* Tests macOS */ = {
			isa = PBXGroup;
			children = (
				BD73BC9A283BD751007C5B7F /* Tests_macOS.swift */,
				BD73BC9C283BD751007C5B7F /* Tests_macOSLaunchTests.swift */,
			);
			path = "Tests macOS";
			sourceTree = "<group>";
		};
/* End PBXGroup section */

/* Begin PBXNativeTarget section */
		BD73BC7C283BD751007C5B7F /* Memorize (iOS) */ = {
			isa = PBXNativeTarget;
			buildConfigurationList = BD73BCA6283BD751007C5B7F /* Build configuration list for PBXNativeTarget "Memorize (iOS)" */;
			buildPhases = (
				BD73BC79283BD751007C5B7F /* Sources */,
				BD73BC7A283BD751007C5B7F /* Frameworks */,
				BD73BC7B283BD751007C5B7F /* Resources */,
			);
			buildRules = (
			);
			dependencies = (
			);
			name = "Memorize (iOS)";
			productName = "Memorize (iOS)";
			productReference = BD73BC7D283BD751007C5B7F /* Memorize.app */;
			productType = "com.apple.product-type.application";
		};
		BD73BC82283BD751007C5B7F /* Memorize (macOS) */ = {
			isa = PBXNativeTarget;
			buildConfigurationList = BD73BCA9283BD751007C5B7F /* Build configuration list for PBXNativeTarget "Memorize (macOS)" */;
			buildPhases = (
				BD73BC7F283BD751007C5B7F /* Sources */,
				BD73BC80283BD751007C5B7F /* Frameworks */,
				BD73BC81283BD751007C5B7F /* Resources */,
			);
			buildRules = (
			);
			dependencies = (
			);
			name = "Memorize (macOS)";
			productName = "Memorize (macOS)";
			productReference = BD73BC83283BD751007C5B7F /* Memorize.app */;
			productType = "com.apple.product-type.application";
		};
		BD73BC89283BD751007C5B7F /* Tests iOS */ = {
			isa = PBXNativeTarget;
			buildConfigurationList = BD73BCAC283BD751007C5B7F /* Build configuration list for PBXNativeTarget "Tests iOS" */;
			buildPhases = (
				BD73BC86283BD751007C5B7F /* Sources */,
				BD73BC87283BD751007C5B7F /* Frameworks */,
				BD73BC88283BD751007C5B7F /* Resources */,
			);
			buildRules = (
			);
			dependencies = (
				BD73BC8C283BD751007C5B7F /* PBXTargetDependency */,
			);
			name = "Tests iOS";
			productName = "Tests iOS";
			productReference = BD73BC8A283BD751007C5B7F /* Tests iOS.xctest */;
			productType = "com.apple.product-type.bundle.ui-testing";
		};
		BD73BC95283BD751007C5B7F /* Tests macOS */ = {
			isa = PBXNativeTarget;
			buildConfigurationList = BD73BCAF283BD751007C5B7F /* Build configuration list for PBXNativeTarget "Tests macOS" */;
			buildPhases = (
				BD73BC92283BD751007C5B7F /* Sources */,
				BD73BC93283BD751007C5B7F /* Frameworks */,
				BD73BC94283BD751007C5B7F /* Resources */,
			);
			buildRules = (
			);
			dependencies = (
				BD73BC98283BD751007C5B7F /* PBXTargetDependency */,
			);
			name = "Tests macOS";
			productName = "Tests macOS";
			productReference = BD73BC96283BD751007C5B7F /* Tests macOS.xctest */;
			productType = "com.apple.product-type.bundle.ui-testing";
		};
/* End PBXNativeTarget section */

/* Begin PBXProject section */
		BD73BC71283BD750007C5B7F /* Project object */ = {
			isa = PBXProject;
			attributes = {
				BuildIndependentTargetsInParallel = 1;
				LastSwiftUpdateCheck = 1340;
				LastUpgradeCheck = 1340;
				TargetAttributes = {
					BD73BC7C283BD751007C5B7F = {
						CreatedOnToolsVersion = 13.4;
					};
					BD73BC82283BD751007C5B7F = {
						CreatedOnToolsVersion = 13.4;
					};
					BD73BC89283BD751007C5B7F = {
						CreatedOnToolsVersion = 13.4;
						TestTargetID = BD73BC7C283BD751007C5B7F;
					};
					BD73BC95283BD751007C5B7F = {
						CreatedOnToolsVersion = 13.4;
						TestTargetID = BD73BC82283BD751007C5B7F;
					};
				};
			};
			buildConfigurationList = BD73BC74283BD750007C5B7F /* Build configuration list for PBXProject "Memorize" */;
			compatibilityVersion = "Xcode 13.0";
			developmentRegion = en;
			hasScannedForEncodings = 0;
			knownRegions = (
				en,
				Base,
			);
			mainGroup = BD73BC70283BD750007C5B7F;
			productRefGroup = BD73BC7E283BD751007C5B7F /* Products */;
			projectDirPath = "";
			projectRoot = "";
			targets = (
				BD73BC7C283BD751007C5B7F /* Memorize (iOS) */,
				BD73BC82283BD751007C5B7F /* Memorize (macOS) */,
				BD73BC89283BD751007C5B7F /* Tests iOS */,
				BD73BC95283BD751007C5B7F /* Tests macOS */,
			);
		};
/* End PBXProject section */

/* Begin PBXResourcesBuildPhase section */
		BD73BC7B283BD751007C5B7F /* Resources */ = {
			isa = PBXResourcesBuildPhase;
			buildActionMask = 2147483647;
			files = (
				BD73BCA2283BD751007C5B7F /* Assets.xcassets in Resources */,
			);
			runOnlyForDeploymentPostprocessing = 0;
		};
		BD73BC81283BD751007C5B7F /* Resources */ = {
			isa = PBXResourcesBuildPhase;
			buildActionMask = 2147483647;
			files = (
				BD73BCA3283BD751007C5B7F /* Assets.xcassets in Resources */,
			);
			runOnlyForDeploymentPostprocessing = 0;
		};
		BD73BC88283BD751007C5B7F /* Resources */ = {
			isa = PBXResourcesBuildPhase;
			buildActionMask = 2147483647;
			files = (
			);
			runOnlyForDeploymentPostprocessing = 0;
		};
		BD73BC94283BD751007C5B7F /* Resources */ = {
			isa = PBXResourcesBuildPhase;
			buildActionMask = 2147483647;
			files = (
			);
			runOnlyForDeploymentPostprocessing = 0;
		};
/* End PBXResourcesBuildPhase section */

/* Begin PBXSourcesBuildPhase section */
		BD73BC79283BD751007C5B7F /* Sources */ = {
			isa = PBXSourcesBuildPhase;
			buildActionMask = 2147483647;
			files = (
				BDB9FBB8284C154B004A23A4 /* MemoryGame.swift in Sources */,
				BD73BCA0283BD751007C5B7F /* ContentView.swift in Sources */,
				BD73BC9E283BD751007C5B7F /* MemorizeApp.swift in Sources */,
				BDB9FBBB284C160D004A23A4 /* EmojiMemoryGame.swift in Sources */,
			);
			runOnlyForDeploymentPostprocessing = 0;
		};
		BD73BC7F283BD751007C5B7F /* Sources */ = {
			isa = PBXSourcesBuildPhase;
			buildActionMask = 2147483647;
			files = (
				BDB9FBB9284C154B004A23A4 /* MemoryGame.swift in Sources */,
				BD73BCA1283BD751007C5B7F /* ContentView.swift in Sources */,
				BD73BC9F283BD751007C5B7F /* MemorizeApp.swift in Sources */,
				BDB9FBBC284C160D004A23A4 /* EmojiMemoryGame.swift in Sources */,
			);
			runOnlyForDeploymentPostprocessing = 0;
		};
		BD73BC86283BD751007C5B7F /* Sources */ = {
			isa = PBXSourcesBuildPhase;
			buildActionMask = 2147483647;
			files = (
				BD73BC91283BD751007C5B7F /* Tests_iOSLaunchTests.swift in Sources */,
				BD73BC8F283BD751007C5B7F /* Tests_iOS.swift in Sources */,
			);
			runOnlyForDeploymentPostprocessing = 0;
		};
		BD73BC92283BD751007C5B7F /* Sources */ = {
			isa = PBXSourcesBuildPhase;
			buildActionMask = 2147483647;
			files = (
				BD73BC9D283BD751007C5B7F /* Tests_macOSLaunchTests.swift in Sources */,
				BD73BC9B283BD751007C5B7F /* Tests_macOS.swift in Sources */,
			);
			runOnlyForDeploymentPostprocessing = 0;
		};
/* End PBXSourcesBuildPhase section */

/* Begin PBXTargetDependency section */
		BD73BC8C283BD751007C5B7F /* PBXTargetDependency */ = {
			isa = PBXTargetDependency;
			target = BD73BC7C283BD751007C5B7F /* Memorize (iOS) */;
			targetProxy = BD73BC8B283BD751007C5B7F /* PBXContainerItemProxy */;
		};
		BD73BC98283BD751007C5B7F /* PBXTargetDependency */ = {
			isa = PBXTargetDependency;
			target = BD73BC82283BD751007C5B7F /* Memorize (macOS) */;
			targetProxy = BD73BC97283BD751007C5B7F /* PBXContainerItemProxy */;
		};
/* End PBXTargetDependency section */

/* Begin XCBuildConfiguration section */
		BD73BCA4283BD751007C5B7F /* Debug */ = {
			isa = XCBuildConfiguration;
			buildSettings = {
				ALWAYS_SEARCH_USER_PATHS = NO;
				CLANG_ANALYZER_NONNULL = YES;
				CLANG_ANALYZER_NUMBER_OBJECT_CONVERSION = YES_AGGRESSIVE;
				CLANG_CXX_LANGUAGE_STANDARD = "gnu++17";
				CLANG_ENABLE_MODULES = YES;
				CLANG_ENABLE_OBJC_ARC = YES;
				CLANG_ENABLE_OBJC_WEAK = YES;
				CLANG_WARN_BLOCK_CAPTURE_AUTORELEASING = YES;
				CLANG_WARN_BOOL_CONVERSION = YES;
				CLANG_WARN_COMMA = YES;
				CLANG_WARN_CONSTANT_CONVERSION = YES;
				CLANG_WARN_DEPRECATED_OBJC_IMPLEMENTATIONS = YES;
				CLANG_WARN_DIRECT_OBJC_ISA_USAGE = YES_ERROR;
				CLANG_WARN_DOCUMENTATION_COMMENTS = YES;
				CLANG_WARN_EMPTY_BODY = YES;
				CLANG_WARN_ENUM_CONVERSION = YES;
				CLANG_WARN_INFINITE_RECURSION = YES;
				CLANG_WARN_INT_CONVERSION = YES;
				CLANG_WARN_NON_LITERAL_NULL_CONVERSION = YES;
				CLANG_WARN_OBJC_IMPLICIT_RETAIN_SELF = YES;
				CLANG_WARN_OBJC_LITERAL_CONVERSION = YES;
				CLANG_WARN_OBJC_ROOT_CLASS = YES_ERROR;
				CLANG_WARN_QUOTED_INCLUDE_IN_FRAMEWORK_HEADER = YES;
				CLANG_WARN_RANGE_LOOP_ANALYSIS = YES;
				CLANG_WARN_STRICT_PROTOTYPES = YES;
				CLANG_WARN_SUSPICIOUS_MOVE = YES;
				CLANG_WARN_UNGUARDED_AVAILABILITY = YES_AGGRESSIVE;
				CLANG_WARN_UNREACHABLE_CODE = YES;
				CLANG_WARN__DUPLICATE_METHOD_MATCH = YES;
				COPY_PHASE_STRIP = NO;
				DEBUG_INFORMATION_FORMAT = dwarf;
				ENABLE_STRICT_OBJC_MSGSEND = YES;
				ENABLE_TESTABILITY = YES;
				GCC_C_LANGUAGE_STANDARD = gnu11;
				GCC_DYNAMIC_NO_PIC = NO;
				GCC_NO_COMMON_BLOCKS = YES;
				GCC_OPTIMIZATION_LEVEL = 0;
				GCC_PREPROCESSOR_DEFINITIONS = (
					"DEBUG=1",
					"$(inherited)",
				);
				GCC_WARN_64_TO_32_BIT_CONVERSION = YES;
				GCC_WARN_ABOUT_RETURN_TYPE = YES_ERROR;
				GCC_WARN_UNDECLARED_SELECTOR = YES;
				GCC_WARN_UNINITIALIZED_AUTOS = YES_AGGRESSIVE;
				GCC_WARN_UNUSED_FUNCTION = YES;
				GCC_WARN_UNUSED_VARIABLE = YES;
				MTL_ENABLE_DEBUG_INFO = INCLUDE_SOURCE;
				MTL_FAST_MATH = YES;
				ONLY_ACTIVE_ARCH = YES;
				SWIFT_ACTIVE_COMPILATION_CONDITIONS = DEBUG;
				SWIFT_OPTIMIZATION_LEVEL = "-Onone";
			};
			name = Debug;
		};
		BD73BCA5283BD751007C5B7F /* Release */ = {
			isa = XCBuildConfiguration;
			buildSettings = {
				ALWAYS_SEARCH_USER_PATHS = NO;
				CLANG_ANALYZER_NONNULL = YES;
				CLANG_ANALYZER_NUMBER_OBJECT_CONVERSION = YES_AGGRESSIVE;
				CLANG_CXX_LANGUAGE_STANDARD = "gnu++17";
				CLANG_ENABLE_MODULES = YES;
				CLANG_ENABLE_OBJC_ARC = YES;
				CLANG_ENABLE_OBJC_WEAK = YES;
				CLANG_WARN_BLOCK_CAPTURE_AUTORELEASING = YES;
				CLANG_WARN_BOOL_CONVERSION = YES;
				CLANG_WARN_COMMA = YES;
				CLANG_WARN_CONSTANT_CONVERSION = YES;
				CLANG_WARN_DEPRECATED_OBJC_IMPLEMENTATIONS = YES;
				CLANG_WARN_DIRECT_OBJC_ISA_USAGE = YES_ERROR;
				CLANG_WARN_DOCUMENTATION_COMMENTS = YES;
				CLANG_WARN_EMPTY_BODY = YES;
				CLANG_WARN_ENUM_CONVERSION = YES;
				CLANG_WARN_INFINITE_RECURSION = YES;
				CLANG_WARN_INT_CONVERSION = YES;
				CLANG_WARN_NON_LITERAL_NULL_CONVERSION = YES;
				CLANG_WARN_OBJC_IMPLICIT_RETAIN_SELF = YES;
				CLANG_WARN_OBJC_LITERAL_CONVERSION = YES;
				CLANG_WARN_OBJC_ROOT_CLASS = YES_ERROR;
				CLANG_WARN_QUOTED_INCLUDE_IN_FRAMEWORK_HEADER = YES;
				CLANG_WARN_RANGE_LOOP_ANALYSIS = YES;
				CLANG_WARN_STRICT_PROTOTYPES = YES;
				CLANG_WARN_SUSPICIOUS_MOVE = YES;
				CLANG_WARN_UNGUARDED_AVAILABILITY = YES_AGGRESSIVE;
				CLANG_WARN_UNREACHABLE_CODE = YES;
				CLANG_WARN__DUPLICATE_METHOD_MATCH = YES;
				COPY_PHASE_STRIP = NO;
				DEBUG_INFORMATION_FORMAT = "dwarf-with-dsym";
				ENABLE_NS_ASSERTIONS = NO;
				ENABLE_STRICT_OBJC_MSGSEND = YES;
				GCC_C_LANGUAGE_STANDARD = gnu11;
				GCC_NO_COMMON_BLOCKS = YES;
				GCC_WARN_64_TO_32_BIT_CONVERSION = YES;
				GCC_WARN_ABOUT_RETURN_TYPE = YES_ERROR;
				GCC_WARN_UNDECLARED_SELECTOR = YES;
				GCC_WARN_UNINITIALIZED_AUTOS = YES_AGGRESSIVE;
				GCC_WARN_UNUSED_FUNCTION = YES;
				GCC_WARN_UNUSED_VARIABLE = YES;
				MTL_ENABLE_DEBUG_INFO = NO;
				MTL_FAST_MATH = YES;
				SWIFT_COMPILATION_MODE = wholemodule;
				SWIFT_OPTIMIZATION_LEVEL = "-O";
			};
			name = Release;
		};
		BD73BCA7283BD751007C5B7F /* Debug */ = {
			isa = XCBuildConfiguration;
			buildSettings = {
				ASSETCATALOG_COMPILER_APPICON_NAME = AppIcon;
				ASSETCATALOG_COMPILER_GLOBAL_ACCENT_COLOR_NAME = AccentColor;
				CODE_SIGN_STYLE = Automatic;
				CURRENT_PROJECT_VERSION = 1;
				DEVELOPMENT_TEAM = 75DC3484UX;
				ENABLE_PREVIEWS = YES;
				GENERATE_INFOPLIST_FILE = YES;
				INFOPLIST_KEY_UIApplicationSceneManifest_Generation = YES;
				INFOPLIST_KEY_UIApplicationSupportsIndirectInputEvents = YES;
				INFOPLIST_KEY_UILaunchScreen_Generation = YES;
				INFOPLIST_KEY_UISupportedInterfaceOrientations_iPad = "UIInterfaceOrientationPortrait UIInterfaceOrientationPortraitUpsideDown UIInterfaceOrientationLandscapeLeft UIInterfaceOrientationLandscapeRight";
				INFOPLIST_KEY_UISupportedInterfaceOrientations_iPhone = "UIInterfaceOrientationPortrait UIInterfaceOrientationLandscapeLeft UIInterfaceOrientationLandscapeRight";
				IPHONEOS_DEPLOYMENT_TARGET = 15.5;
				LD_RUNPATH_SEARCH_PATHS = (
					"$(inherited)",
					"@executable_path/Frameworks",
				);
				MARKETING_VERSION = 1.0;
				PRODUCT_BUNDLE_IDENTIFIER = com.ssunm.Memorize;
				PRODUCT_NAME = Memorize;
				SDKROOT = iphoneos;
				SWIFT_EMIT_LOC_STRINGS = YES;
				SWIFT_VERSION = 5.0;
				TARGETED_DEVICE_FAMILY = "1,2";
			};
			name = Debug;
		};
		BD73BCA8283BD751007C5B7F /* Release */ = {
			isa = XCBuildConfiguration;
			buildSettings = {
				ASSETCATALOG_COMPILER_APPICON_NAME = AppIcon;
				ASSETCATALOG_COMPILER_GLOBAL_ACCENT_COLOR_NAME = AccentColor;
				CODE_SIGN_STYLE = Automatic;
				CURRENT_PROJECT_VERSION = 1;
				DEVELOPMENT_TEAM = 75DC3484UX;
				ENABLE_PREVIEWS = YES;
				GENERATE_INFOPLIST_FILE = YES;
				INFOPLIST_KEY_UIApplicationSceneManifest_Generation = YES;
				INFOPLIST_KEY_UIApplicationSupportsIndirectInputEvents = YES;
				INFOPLIST_KEY_UILaunchScreen_Generation = YES;
				INFOPLIST_KEY_UISupportedInterfaceOrientations_iPad = "UIInterfaceOrientationPortrait UIInterfaceOrientationPortraitUpsideDown UIInterfaceOrientationLandscapeLeft UIInterfaceOrientationLandscapeRight";
				INFOPLIST_KEY_UISupportedInterfaceOrientations_iPhone = "UIInterfaceOrientationPortrait UIInterfaceOrientationLandscapeLeft UIInterfaceOrientationLandscapeRight";
				IPHONEOS_DEPLOYMENT_TARGET = 15.5;
				LD_RUNPATH_SEARCH_PATHS = (
					"$(inherited)",
					"@executable_path/Frameworks",
				);
				MARKETING_VERSION = 1.0;
				PRODUCT_BUNDLE_IDENTIFIER = com.ssunm.Memorize;
				PRODUCT_NAME = Memorize;
				SDKROOT = iphoneos;
				SWIFT_EMIT_LOC_STRINGS = YES;
				SWIFT_VERSION = 5.0;
				TARGETED_DEVICE_FAMILY = "1,2";
				VALIDATE_PRODUCT = YES;
			};
			name = Release;
		};
		BD73BCAA283BD751007C5B7F /* Debug */ = {
			isa = XCBuildConfiguration;
			buildSettings = {
				ASSETCATALOG_COMPILER_APPICON_NAME = AppIcon;
				ASSETCATALOG_COMPILER_GLOBAL_ACCENT_COLOR_NAME = AccentColor;
				CODE_SIGN_ENTITLEMENTS = macOS/macOS.entitlements;
				CODE_SIGN_STYLE = Automatic;
				COMBINE_HIDPI_IMAGES = YES;
				CURRENT_PROJECT_VERSION = 1;
				DEVELOPMENT_TEAM = 75DC3484UX;
				ENABLE_HARDENED_RUNTIME = YES;
				ENABLE_PREVIEWS = YES;
				GENERATE_INFOPLIST_FILE = YES;
				INFOPLIST_KEY_NSHumanReadableCopyright = "";
				LD_RUNPATH_SEARCH_PATHS = (
					"$(inherited)",
					"@executable_path/../Frameworks",
				);
				MACOSX_DEPLOYMENT_TARGET = 12.3;
				MARKETING_VERSION = 1.0;
				PRODUCT_BUNDLE_IDENTIFIER = com.ssunm.Memorize;
				PRODUCT_NAME = Memorize;
				SDKROOT = macosx;
				SWIFT_EMIT_LOC_STRINGS = YES;
				SWIFT_VERSION = 5.0;
			};
			name = Debug;
		};
		BD73BCAB283BD751007C5B7F /* Release */ = {
			isa = XCBuildConfiguration;
			buildSettings = {
				ASSETCATALOG_COMPILER_APPICON_NAME = AppIcon;
				ASSETCATALOG_COMPILER_GLOBAL_ACCENT_COLOR_NAME = AccentColor;
				CODE_SIGN_ENTITLEMENTS = macOS/macOS.entitlements;
				CODE_SIGN_STYLE = Automatic;
				COMBINE_HIDPI_IMAGES = YES;
				CURRENT_PROJECT_VERSION = 1;
				DEVELOPMENT_TEAM = 75DC3484UX;
				ENABLE_HARDENED_RUNTIME = YES;
				ENABLE_PREVIEWS = YES;
				GENERATE_INFOPLIST_FILE = YES;
				INFOPLIST_KEY_NSHumanReadableCopyright = "";
				LD_RUNPATH_SEARCH_PATHS = (
					"$(inherited)",
					"@executable_path/../Frameworks",
				);
				MACOSX_DEPLOYMENT_TARGET = 12.3;
				MARKETING_VERSION = 1.0;
				PRODUCT_BUNDLE_IDENTIFIER = com.ssunm.Memorize;
				PRODUCT_NAME = Memorize;
				SDKROOT = macosx;
				SWIFT_EMIT_LOC_STRINGS = YES;
				SWIFT_VERSION = 5.0;
			};
			name = Release;
		};
		BD73BCAD283BD751007C5B7F /* Debug */ = {
			isa = XCBuildConfiguration;
			buildSettings = {
				ALWAYS_EMBED_SWIFT_STANDARD_LIBRARIES = YES;
				CODE_SIGN_STYLE = Automatic;
				CURRENT_PROJECT_VERSION = 1;
				DEVELOPMENT_TEAM = 75DC3484UX;
				GENERATE_INFOPLIST_FILE = YES;
				IPHONEOS_DEPLOYMENT_TARGET = 15.5;
				MARKETING_VERSION = 1.0;
				PRODUCT_BUNDLE_IDENTIFIER = "com.ssunm.Tests-iOS";
				PRODUCT_NAME = "$(TARGET_NAME)";
				SDKROOT = iphoneos;
				SWIFT_EMIT_LOC_STRINGS = NO;
				SWIFT_VERSION = 5.0;
				TARGETED_DEVICE_FAMILY = "1,2";
				TEST_TARGET_NAME = "Memorize (iOS)";
			};
			name = Debug;
		};
		BD73BCAE283BD751007C5B7F /* Release */ = {
			isa = XCBuildConfiguration;
			buildSettings = {
				ALWAYS_EMBED_SWIFT_STANDARD_LIBRARIES = YES;
				CODE_SIGN_STYLE = Automatic;
				CURRENT_PROJECT_VERSION = 1;
				DEVELOPMENT_TEAM = 75DC3484UX;
				GENERATE_INFOPLIST_FILE = YES;
				IPHONEOS_DEPLOYMENT_TARGET = 15.5;
				MARKETING_VERSION = 1.0;
				PRODUCT_BUNDLE_IDENTIFIER = "com.ssunm.Tests-iOS";
				PRODUCT_NAME = "$(TARGET_NAME)";
				SDKROOT = iphoneos;
				SWIFT_EMIT_LOC_STRINGS = NO;
				SWIFT_VERSION = 5.0;
				TARGETED_DEVICE_FAMILY = "1,2";
				TEST_TARGET_NAME = "Memorize (iOS)";
				VALIDATE_PRODUCT = YES;
			};
			name = Release;
		};
		BD73BCB0283BD751007C5B7F /* Debug */ = {
			isa = XCBuildConfiguration;
			buildSettings = {
				ALWAYS_EMBED_SWIFT_STANDARD_LIBRARIES = YES;
				CODE_SIGN_STYLE = Automatic;
				CURRENT_PROJECT_VERSION = 1;
				DEVELOPMENT_TEAM = 75DC3484UX;
				GENERATE_INFOPLIST_FILE = YES;
				MACOSX_DEPLOYMENT_TARGET = 12.3;
				MARKETING_VERSION = 1.0;
				PRODUCT_BUNDLE_IDENTIFIER = "com.ssunm.Tests-macOS";
				PRODUCT_NAME = "$(TARGET_NAME)";
				SDKROOT = macosx;
				SWIFT_EMIT_LOC_STRINGS = NO;
				SWIFT_VERSION = 5.0;
				TEST_TARGET_NAME = "Memorize (macOS)";
			};
			name = Debug;
		};
		BD73BCB1283BD751007C5B7F /* Release */ = {
			isa = XCBuildConfiguration;
			buildSettings = {
				ALWAYS_EMBED_SWIFT_STANDARD_LIBRARIES = YES;
				CODE_SIGN_STYLE = Automatic;
				CURRENT_PROJECT_VERSION = 1;
				DEVELOPMENT_TEAM = 75DC3484UX;
				GENERATE_INFOPLIST_FILE = YES;
				MACOSX_DEPLOYMENT_TARGET = 12.3;
				MARKETING_VERSION = 1.0;
				PRODUCT_BUNDLE_IDENTIFIER = "com.ssunm.Tests-macOS";
				PRODUCT_NAME = "$(TARGET_NAME)";
				SDKROOT = macosx;
				SWIFT_EMIT_LOC_STRINGS = NO;
				SWIFT_VERSION = 5.0;
				TEST_TARGET_NAME = "Memorize (macOS)";
			};
			name = Release;
		};
/* End XCBuildConfiguration section */

/* Begin XCConfigurationList section */
		BD73BC74283BD750007C5B7F /* Build configuration list for PBXProject "Memorize" */ = {
			isa = XCConfigurationList;
			buildConfigurations = (
				BD73BCA4283BD751007C5B7F /* Debug */,
				BD73BCA5283BD751007C5B7F /* Release */,
			);
			defaultConfigurationIsVisible = 0;
			defaultConfigurationName = Release;
		};
		BD73BCA6283BD751007C5B7F /* Build configuration list for PBXNativeTarget "Memorize (iOS)" */ = {
			isa = XCConfigurationList;
			buildConfigurations = (
				BD73BCA7283BD751007C5B7F /* Debug */,
				BD73BCA8283BD751007C5B7F /* Release */,
			);
			defaultConfigurationIsVisible = 0;
			defaultConfigurationName = Release;
		};
		BD73BCA9283BD751007C5B7F /* Build configuration list for PBXNativeTarget "Memorize (macOS)" */ = {
			isa = XCConfigurationList;
			buildConfigurations = (
				BD73BCAA283BD751007C5B7F /* Debug */,
				BD73BCAB283BD751007C5B7F /* Release */,
			);
			defaultConfigurationIsVisible = 0;
			defaultConfigurationName = Release;
		};
		BD73BCAC283BD751007C5B7F /* Build configuration list for PBXNativeTarget "Tests iOS" */ = {
			isa = XCConfigurationList;
			buildConfigurations = (
				BD73BCAD283BD751007C5B7F /* Debug */,
				BD73BCAE283BD751007C5B7F /* Release */,
			);
			defaultConfigurationIsVisible = 0;
			defaultConfigurationName = Release;
		};
		BD73BCAF283BD751007C5B7F /* Build configuration list for PBXNativeTarget "Tests macOS" */ = {
			isa = XCConfigurationList;
			buildConfigurations = (
				BD73BCB0283BD751007C5B7F /* Debug */,
				BD73BCB1283BD751007C5B7F /* Release */,
			);
			defaultConfigurationIsVisible = 0;
			defaultConfigurationName = Release;
		};
/* End XCConfigurationList section */
	};
	rootObject = BD73BC71283BD750007C5B7F /* Project object */;
}
